
Microsoft Visual Studio Solution File, Format Version 12.00
# Visual Studio Version 17
VisualStudioVersion = 17.0.33502.349
MinimumVisualStudioVersion = 10.0.40219.1
Project("{FAE04EC0-301F-11D3-BF4B-00C04F79EFBC}") = "WebAPIJenkins", "WebAPIJenkins.csproj", "{A9D4C4DF-6561-4FEC-83A6-E448D3C03557}"
EndProject
Global
	GlobalSection(SolutionConfigurationPlatforms) = preSolution
		Debug|Any CPU = Debug|Any CPU
		Release|Any CPU = Release|Any CPU
	EndGlobalSection
	GlobalSection(ProjectConfigurationPlatforms) = postSolution
		{A9D4C4DF-6561-4FEC-83A6-E448D3C03557}.Debug|Any CPU.ActiveCfg = Debug|Any CPU
		{A9D4C4DF-6561-4FEC-83A6-E448D3C03557}.Debug|Any CPU.Build.0 = Debug|Any CPU
		{A9D4C4DF-6561-4FEC-83A6-E448D3C03557}.Release|Any CPU.ActiveCfg = Release|Any CPU
		{A9D4C4DF-6561-4FEC-83A6-E448D3C03557}.Release|Any CPU.Build.0 = Release|Any CPU
	EndGlobalSection
	GlobalSection(SolutionProperties) = preSolution
		HideSolutionNode = FALSE
	EndGlobalSection
	GlobalSection(ExtensibilityGlobals) = postSolution
		SolutionGuid = {F202B7F8-F94C-4D36-90F4-FF7B3251CF2E}
	EndGlobalSection
EndGlobal
